// !$*UTF8*$!
{
	archiveVersion = 1;
	classes = {
	};
	objectVersion = 46;
	objects = {

/* Begin PBXBuildFile section */
		32C4C45D4402A9C0E30605A0 /* Pods.framework in Frameworks */ = {isa = PBXBuildFile; fileRef = 96C0F726BBE85DFAAEB5451C /* Pods.framework */; };
		6B52AA691BF9B3F50064EDBE /* AppDelegate.swift in Sources */ = {isa = PBXBuildFile; fileRef = 6B52AA681BF9B3F50064EDBE /* AppDelegate.swift */; };
		6B52AA6B1BF9B3F50064EDBE /* ViewController.swift in Sources */ = {isa = PBXBuildFile; fileRef = 6B52AA6A1BF9B3F50064EDBE /* ViewController.swift */; };
		6B52AA6E1BF9B3F50064EDBE /* Main.storyboard in Resources */ = {isa = PBXBuildFile; fileRef = 6B52AA6C1BF9B3F50064EDBE /* Main.storyboard */; };
		6B52AA701BF9B3F50064EDBE /* Assets.xcassets in Resources */ = {isa = PBXBuildFile; fileRef = 6B52AA6F1BF9B3F50064EDBE /* Assets.xcassets */; };
		6B52AA731BF9B3F50064EDBE /* LaunchScreen.storyboard in Resources */ = {isa = PBXBuildFile; fileRef = 6B52AA711BF9B3F50064EDBE /* LaunchScreen.storyboard */; };
/* End PBXBuildFile section */

/* Begin PBXFileReference section */
		6B52AA651BF9B3F50064EDBE /* KLZhiHuDaily-Swift.app */ = {isa = PBXFileReference; explicitFileType = wrapper.application; includeInIndex = 0; path = "KLZhiHuDaily-Swift.app"; sourceTree = BUILT_PRODUCTS_DIR; };
		6B52AA681BF9B3F50064EDBE /* AppDelegate.swift */ = {isa = PBXFileReference; lastKnownFileType = sourcecode.swift; path = AppDelegate.swift; sourceTree = "<group>"; };
		6B52AA6A1BF9B3F50064EDBE /* ViewController.swift */ = {isa = PBXFileReference; lastKnownFileType = sourcecode.swift; path = ViewController.swift; sourceTree = "<group>"; };
		6B52AA6D1BF9B3F50064EDBE /* Base */ = {isa = PBXFileReference; lastKnownFileType = file.storyboard; name = Base; path = Base.lproj/Main.storyboard; sourceTree = "<group>"; };
		6B52AA6F1BF9B3F50064EDBE /* Assets.xcassets */ = {isa = PBXFileReference; lastKnownFileType = folder.assetcatalog; path = Assets.xcassets; sourceTree = "<group>"; };
		6B52AA721BF9B3F50064EDBE /* Base */ = {isa = PBXFileReference; lastKnownFileType = file.storyboard; name = Base; path = Base.lproj/LaunchScreen.storyboard; sourceTree = "<group>"; };
		6B52AA741BF9B3F50064EDBE /* Info.plist */ = {isa = PBXFileReference; lastKnownFileType = text.plist.xml; path = Info.plist; sourceTree = "<group>"; };
		79260FAE55BE8702ADAC8D28 /* Pods.release.xcconfig */ = {isa = PBXFileReference; includeInIndex = 1; lastKnownFileType = text.xcconfig; name = Pods.release.xcconfig; path = "Pods/Target Support Files/Pods/Pods.release.xcconfig"; sourceTree = "<group>"; };
		96C0F726BBE85DFAAEB5451C /* Pods.framework */ = {isa = PBXFileReference; explicitFileType = wrapper.framework; includeInIndex = 0; path = Pods.framework; sourceTree = BUILT_PRODUCTS_DIR; };
		A53BA62E0E9FA77B11AB8A2B /* Pods.debug.xcconfig */ = {isa = PBXFileReference; includeInIndex = 1; lastKnownFileType = text.xcconfig; name = Pods.debug.xcconfig; path = "Pods/Target Support Files/Pods/Pods.debug.xcconfig"; sourceTree = "<group>"; };
/* End PBXFileReference section */

/* Begin PBXFrameworksBuildPhase section */
		6B52AA621BF9B3F50064EDBE /* Frameworks */ = {
			isa = PBXFrameworksBuildPhase;
			buildActionMask = 2147483647;
			files = (
				32C4C45D4402A9C0E30605A0 /* Pods.framework in Frameworks */,
			);
			runOnlyForDeploymentPostprocessing = 0;
		};
/* End PBXFrameworksBuildPhase section */

/* Begin PBXGroup section */
		1F78C22B5BA0D5286B2560E7 /* Frameworks */ = {
			isa = PBXGroup;
			children = (
				96C0F726BBE85DFAAEB5451C /* Pods.framework */,
			);
			name = Frameworks;
			sourceTree = "<group>";
		};
		6B52AA5C1BF9B3F50064EDBE = {
			isa = PBXGroup;
			children = (
				6B52AA671BF9B3F50064EDBE /* KLZhiHuDaily-Swift */,
				6B52AA661BF9B3F50064EDBE /* Products */,
				C931EA742A89667DD879E835 /* Pods */,
				1F78C22B5BA0D5286B2560E7 /* Frameworks */,
			);
			sourceTree = "<group>";
		};
		6B52AA661BF9B3F50064EDBE /* Products */ = {
			isa = PBXGroup;
			children = (
				6B52AA651BF9B3F50064EDBE /* KLZhiHuDaily-Swift.app */,
			);
			name = Products;
			sourceTree = "<group>";
		};
		6B52AA671BF9B3F50064EDBE /* KLZhiHuDaily-Swift */ = {
			isa = PBXGroup;
			children = (
				6B52AA681BF9B3F50064EDBE /* AppDelegate.swift */,
				6B52AA6A1BF9B3F50064EDBE /* ViewController.swift */,
				6B52AA6C1BF9B3F50064EDBE /* Main.storyboard */,
				6B52AA6F1BF9B3F50064EDBE /* Assets.xcassets */,
				6B52AA711BF9B3F50064EDBE /* LaunchScreen.storyboard */,
				6B52AA741BF9B3F50064EDBE /* Info.plist */,
			);
			path = "KLZhiHuDaily-Swift";
			sourceTree = "<group>";
		};
		C931EA742A89667DD879E835 /* Pods */ = {
			isa = PBXGroup;
			children = (
				A53BA62E0E9FA77B11AB8A2B /* Pods.debug.xcconfig */,
				79260FAE55BE8702ADAC8D28 /* Pods.release.xcconfig */,
			);
			name = Pods;
			sourceTree = "<group>";
		};
/* End PBXGroup section */

/* Begin PBXNativeTarget section */
		6B52AA641BF9B3F50064EDBE /* KLZhiHuDaily-Swift */ = {
			isa = PBXNativeTarget;
			buildConfigurationList = 6B52AA771BF9B3F50064EDBE /* Build configuration list for PBXNativeTarget "KLZhiHuDaily-Swift" */;
			buildPhases = (
				42974564C291BD391ED323FC /* Check Pods Manifest.lock */,
				6B52AA611BF9B3F50064EDBE /* Sources */,
				6B52AA621BF9B3F50064EDBE /* Frameworks */,
				6B52AA631BF9B3F50064EDBE /* Resources */,
				DAE3464AF3FD974F560FB647 /* Embed Pods Frameworks */,
				27E632CFC125A453DF9D4277 /* Copy Pods Resources */,
			);
			buildRules = (
			);
			dependencies = (
			);
			name = "KLZhiHuDaily-Swift";
			productName = "KLZhiHuDaily-Swift";
			productReference = 6B52AA651BF9B3F50064EDBE /* KLZhiHuDaily-Swift.app */;
			productType = "com.apple.product-type.application";
		};
/* End PBXNativeTarget section */

/* Begin PBXProject section */
		6B52AA5D1BF9B3F50064EDBE /* Project object */ = {
			isa = PBXProject;
			attributes = {
				LastUpgradeCheck = 0700;
				ORGANIZATIONNAME = KellenYangs;
				TargetAttributes = {
					6B52AA641BF9B3F50064EDBE = {
						CreatedOnToolsVersion = 7.0.1;
						DevelopmentTeam = 32TZ8J928T;
					};
				};
			};
			buildConfigurationList = 6B52AA601BF9B3F50064EDBE /* Build configuration list for PBXProject "KLZhiHuDaily-Swift" */;
			compatibilityVersion = "Xcode 3.2";
			developmentRegion = English;
			hasScannedForEncodings = 0;
			knownRegions = (
				en,
				Base,
			);
			mainGroup = 6B52AA5C1BF9B3F50064EDBE;
			productRefGroup = 6B52AA661BF9B3F50064EDBE /* Products */;
			projectDirPath = "";
			projectRoot = "";
			targets = (
				6B52AA641BF9B3F50064EDBE /* KLZhiHuDaily-Swift */,
			);
		};
/* End PBXProject section */

/* Begin PBXResourcesBuildPhase section */
		6B52AA631BF9B3F50064EDBE /* Resources */ = {
			isa = PBXResourcesBuildPhase;
			buildActionMask = 2147483647;
			files = (
				6B52AA731BF9B3F50064EDBE /* LaunchScreen.storyboard in Resources */,
				6B52AA701BF9B3F50064EDBE /* Assets.xcassets in Resources */,
				6B52AA6E1BF9B3F50064EDBE /* Main.storyboard in Resources */,
			);
			runOnlyForDeploymentPostprocessing = 0;
		};
/* End PBXResourcesBuildPhase section */

/* Begin PBXShellScriptBuildPhase section */
		27E632CFC125A453DF9D4277 /* Copy Pods Resources */ = {
			isa = PBXShellScriptBuildPhase;
			buildActionMask = 2147483647;
			files = (
			);
			inputPaths = (
			);
			name = "Copy Pods Resources";
			outputPaths = (
			);
			runOnlyForDeploymentPostprocessing = 0;
			shellPath = /bin/sh;
			shellScript = "\"${SRCROOT}/Pods/Target Support Files/Pods/Pods-resources.sh\"\n";
			showEnvVarsInLog = 0;
		};
		42974564C291BD391ED323FC /* Check Pods Manifest.lock */ = {
			isa = PBXShellScriptBuildPhase;
			buildActionMask = 2147483647;
			files = (
			);
			inputPaths = (
			);
			name = "Check Pods Manifest.lock";
			outputPaths = (
			);
			runOnlyForDeploymentPostprocessing = 0;
			shellPath = /bin/sh;
			shellScript = "diff \"${PODS_ROOT}/../Podfile.lock\" \"${PODS_ROOT}/Manifest.lock\" > /dev/null\nif [[ $? != 0 ]] ; then\n    cat << EOM\nerror: The sandbox is not in sync with the Podfile.lock. Run 'pod install' or update your CocoaPods installation.\nEOM\n    exit 1\nfi\n";
			showEnvVarsInLog = 0;
		};
		DAE3464AF3FD974F560FB647 /* Embed Pods Frameworks */ = {
			isa = PBXShellScriptBuildPhase;
			buildActionMask = 2147483647;
			files = (
			);
			inputPaths = (
			);
			name = "Embed Pods Frameworks";
			outputPaths = (
			);
			runOnlyForDeploymentPostprocessing = 0;
			shellPath = /bin/sh;
			shellScript = "\"${SRCROOT}/Pods/Target Support Files/Pods/Pods-frameworks.sh\"\n";
			showEnvVarsInLog = 0;
		};
/* End PBXShellScriptBuildPhase section */

/* Begin PBXSourcesBuildPhase section */
		6B52AA611BF9B3F50064EDBE /* Sources */ = {
			isa = PBXSourcesBuildPhase;
			buildActionMask = 2147483647;
			files = (
				6B52AA6B1BF9B3F50064EDBE /* ViewController.swift in Sources */,
				6B52AA691BF9B3F50064EDBE /* AppDelegate.swift in Sources */,
			);
			runOnlyForDeploymentPostprocessing = 0;
		};
/* End PBXSourcesBuildPhase section */

/* Begin PBXVariantGroup section */
		6B52AA6C1BF9B3F50064EDBE /* Main.storyboard */ = {
			isa = PBXVariantGroup;
			children = (
				6B52AA6D1BF9B3F50064EDBE /* Base */,
			);
			name = Main.storyboard;
			sourceTree = "<group>";
		};
		6B52AA711BF9B3F50064EDBE /* LaunchScreen.storyboard */ = {
			isa = PBXVariantGroup;
			children = (
				6B52AA721BF9B3F50064EDBE /* Base */,
			);
			name = LaunchScreen.storyboard;
			sourceTree = "<group>";
		};
/* End PBXVariantGroup section */

/* Begin XCBuildConfiguration section */
		6B52AA751BF9B3F50064EDBE /* Debug */ = {
			isa = XCBuildConfiguration;
			buildSettings = {
				ALWAYS_SEARCH_USER_PATHS = NO;
				CLANG_CXX_LANGUAGE_STANDARD = "gnu++0x";
				CLANG_CXX_LIBRARY = "libc++";
				CLANG_ENABLE_MODULES = YES;
				CLANG_ENABLE_OBJC_ARC = YES;
				CLANG_WARN_BOOL_CONVERSION = YES;
				CLANG_WARN_CONSTANT_CONVERSION = YES;
				CLANG_WARN_DIRECT_OBJC_ISA_USAGE = YES_ERROR;
				CLANG_WARN_EMPTY_BODY = YES;
				CLANG_WARN_ENUM_CONVERSION = YES;
				CLANG_WARN_INT_CONVERSION = YES;
				CLANG_WARN_OBJC_ROOT_CLASS = YES_ERROR;
				CLANG_WARN_UNREACHABLE_CODE = YES;
				CLANG_WARN__DUPLICATE_METHOD_MATCH = YES;
				"CODE_SIGN_IDENTITY[sdk=iphoneos*]" = "iPhone Developer";
				COPY_PHASE_STRIP = NO;
				DEBUG_INFORMATION_FORMAT = dwarf;
				ENABLE_STRICT_OBJC_MSGSEND = YES;
				ENABLE_TESTABILITY = YES;
				GCC_C_LANGUAGE_STANDARD = gnu99;
				GCC_DYNAMIC_NO_PIC = NO;
				GCC_NO_COMMON_BLOCKS = YES;
				GCC_OPTIMIZATION_LEVEL = 0;
				GCC_PREPROCESSOR_DEFINITIONS = (
					"DEBUG=1",
					"$(inherited)",
				);
				GCC_WARN_64_TO_32_BIT_CONVERSION = YES;
				GCC_WARN_ABOUT_RETURN_TYPE = YES_ERROR;
				GCC_WARN_UNDECLARED_SELECTOR = YES;
				GCC_WARN_UNINITIALIZED_AUTOS = YES_AGGRESSIVE;
				GCC_WARN_UNUSED_FUNCTION = YES;
				GCC_WARN_UNUSED_VARIABLE = YES;
				IPHONEOS_DEPLOYMENT_TARGET = 9.0;
				MTL_ENABLE_DEBUG_INFO = YES;
				ONLY_ACTIVE_ARCH = YES;
				SDKROOT = iphoneos;
				SWIFT_OPTIMIZATION_LEVEL = "-Onone";
			};
			name = Debug;
		};
		6B52AA761BF9B3F50064EDBE /* Release */ = {
			isa = XCBuildConfiguration;
			buildSettings = {
				ALWAYS_SEARCH_USER_PATHS = NO;
				CLANG_CXX_LANGUAGE_STANDARD = "gnu++0x";
				CLANG_CXX_LIBRARY = "libc++";
				CLANG_ENABLE_MODULES = YES;
				CLANG_ENABLE_OBJC_ARC = YES;
				CLANG_WARN_BOOL_CONVERSION = YES;
				CLANG_WARN_CONSTANT_CONVERSION = YES;
				CLANG_WARN_DIRECT_OBJC_ISA_USAGE = YES_ERROR;
				CLANG_WARN_EMPTY_BODY = YES;
				CLANG_WARN_ENUM_CONVERSION = YES;
				CLANG_WARN_INT_CONVERSION = YES;
				CLANG_WARN_OBJC_ROOT_CLASS = YES_ERROR;
				CLANG_WARN_UNREACHABLE_CODE = YES;
				CLANG_WARN__DUPLICATE_METHOD_MATCH = YES;
				"CODE_SIGN_IDENTITY[sdk=iphoneos*]" = "iPhone Developer";
				COPY_PHASE_STRIP = NO;
				DEBUG_INFORMATION_FORMAT = "dwarf-with-dsym";
				ENABLE_NS_ASSERTIONS = NO;
				ENABLE_STRICT_OBJC_MSGSEND = YES;
				GCC_C_LANGUAGE_STANDARD = gnu99;
				GCC_NO_COMMON_BLOCKS = YES;
				GCC_WARN_64_TO_32_BIT_CONVERSION = YES;
				GCC_WARN_ABOUT_RETURN_TYPE = YES_ERROR;
				GCC_WARN_UNDECLARED_SELECTOR = YES;
				GCC_WARN_UNINITIALIZED_AUTOS = YES_AGGRESSIVE;
				GCC_WARN_UNUSED_FUNCTION = YES;
				GCC_WARN_UNUSED_VARIABLE = YES;
				IPHONEOS_DEPLOYMENT_TARGET = 9.0;
				MTL_ENABLE_DEBUG_INFO = NO;
				SDKROOT = iphoneos;
				VALIDATE_PRODUCT = YES;
			};
			name = Release;
		};
		6B52AA781BF9B3F50064EDBE /* Debug */ = {
			isa = XCBuildConfiguration;
			baseConfigurationReference = A53BA62E0E9FA77B11AB8A2B /* Pods.debug.xcconfig */;
			buildSettings = {
				ASSETCATALOG_COMPILER_APPICON_NAME = AppIcon;
				INFOPLIST_FILE = "KLZhiHuDaily-Swift/Info.plist";
				LD_RUNPATH_SEARCH_PATHS = "$(inherited) @executable_path/Frameworks";
				PRODUCT_BUNDLE_IDENTIFIER = "KellenYangs.KLZhiHuDaily-Swift";
				PRODUCT_NAME = "$(TARGET_NAME)";
			};
			name = Debug;
		};
		6B52AA791BF9B3F50064EDBE /* Release */ = {
			isa = XCBuildConfiguration;
			baseConfigurationReference = 79260FAE55BE8702ADAC8D28 /* Pods.release.xcconfig */;
			buildSettings = {
				ASSETCATALOG_COMPILER_APPICON_NAME = AppIcon;
				INFOPLIST_FILE = "KLZhiHuDaily-Swift/Info.plist";
				LD_RUNPATH_SEARCH_PATHS = "$(inherited) @executable_path/Frameworks";
				PRODUCT_BUNDLE_IDENTIFIER = "KellenYangs.KLZhiHuDaily-Swift";
				PRODUCT_NAME = "$(TARGET_NAME)";
			};
			name = Release;
		};
/* End XCBuildConfiguration section */

/* Begin XCConfigurationList section */
		6B52AA601BF9B3F50064EDBE /* Build configuration list for PBXProject "KLZhiHuDaily-Swift" */ = {
			isa = XCConfigurationList;
			buildConfigurations = (
				6B52AA751BF9B3F50064EDBE /* Debug */,
				6B52AA761BF9B3F50064EDBE /* Release */,
			);
			defaultConfigurationIsVisible = 0;
			defaultConfigurationName = Release;
		};
		6B52AA771BF9B3F50064EDBE /* Build configuration list for PBXNativeTarget "KLZhiHuDaily-Swift" */ = {
			isa = XCConfigurationList;
			buildConfigurations = (
				6B52AA781BF9B3F50064EDBE /* Debug */,
				6B52AA791BF9B3F50064EDBE /* Release */,
			);
			defaultConfigurationIsVisible = 0;
			defaultConfigurationName = Release;
		};
/* End XCConfigurationList section */
	};
	rootObject = 6B52AA5D1BF9B3F50064EDBE /* Project object */;
}
